
Microsoft Visual Studio Solution File, Format Version 12.00
# Visual Studio Version 17
VisualStudioVersion = 17.3.32825.248
MinimumVisualStudioVersion = 10.0.40219.1
Project("{FAE04EC0-301F-11D3-BF4B-00C04F79EFBC}") = "AspNetCore", "AspNetCore\AspNetCore.csproj", "{6FB141A0-4065-49FD-B062-CE468B47E8B9}"
EndProject
Project("{2150E333-8FDC-42A3-9474-1A3956D46DE8}") = "1-Web", "1-Web", "{6F754D2D-6210-4999-A951-7CD37C574998}"
EndProject
Project("{2150E333-8FDC-42A3-9474-1A3956D46DE8}") = "2-Application", "2-Application", "{77520CA7-4178-4ADB-9AB3-D5ED75607654}"
EndProject
Project("{2150E333-8FDC-42A3-9474-1A3956D46DE8}") = "3-Domain", "3-Domain", "{163B6A4B-DD9E-414F-A855-D3CF617ED583}"
EndProject
Project("{2150E333-8FDC-42A3-9474-1A3956D46DE8}") = "4-Infra", "4-Infra", "{7E9612F7-ABF2-4D88-9559-4EF4C0A78F34}"
EndProject
Project("{FAE04EC0-301F-11D3-BF4B-00C04F79EFBC}") = "AspNetCore.Application", "AspNetCore.Application\AspNetCore.Application.csproj", "{6F0E4E06-02AA-4E21-8BDB-480AE9AB116E}"
EndProject
Project("{FAE04EC0-301F-11D3-BF4B-00C04F79EFBC}") = "AspNetCore.Domain", "AspNetCore.Domain\AspNetCore.Domain.csproj", "{A4FCDF12-2CD4-4D75-B0AD-AE5DBB9A568C}"
EndProject
Project("{2150E333-8FDC-42A3-9474-1A3956D46DE8}") = "4.1-Data", "4.1-Data", "{EE7D309F-267E-42CA-A648-E28167EB76C7}"
EndProject
Project("{2150E333-8FDC-42A3-9474-1A3956D46DE8}") = "4.2-CrossCutting", "4.2-CrossCutting", "{F05C05B8-2EBB-41DF-8B0F-5A6009D96959}"
EndProject
Project("{FAE04EC0-301F-11D3-BF4B-00C04F79EFBC}") = "AspNetCore.Data", "AspNetCore.Data\AspNetCore.Data.csproj", "{77F14725-3A49-4DC0-9D38-8EF03C505614}"
EndProject
Global
	GlobalSection(SolutionConfigurationPlatforms) = preSolution
		Debug|Any CPU = Debug|Any CPU
		Release|Any CPU = Release|Any CPU
	EndGlobalSection
	GlobalSection(ProjectConfigurationPlatforms) = postSolution
		{6FB141A0-4065-49FD-B062-CE468B47E8B9}.Debug|Any CPU.ActiveCfg = Debug|Any CPU
		{6FB141A0-4065-49FD-B062-CE468B47E8B9}.Debug|Any CPU.Build.0 = Debug|Any CPU
		{6FB141A0-4065-49FD-B062-CE468B47E8B9}.Release|Any CPU.ActiveCfg = Release|Any CPU
		{6FB141A0-4065-49FD-B062-CE468B47E8B9}.Release|Any CPU.Build.0 = Release|Any CPU
		{6F0E4E06-02AA-4E21-8BDB-480AE9AB116E}.Debug|Any CPU.ActiveCfg = Debug|Any CPU
		{6F0E4E06-02AA-4E21-8BDB-480AE9AB116E}.Debug|Any CPU.Build.0 = Debug|Any CPU
		{6F0E4E06-02AA-4E21-8BDB-480AE9AB116E}.Release|Any CPU.ActiveCfg = Release|Any CPU
		{6F0E4E06-02AA-4E21-8BDB-480AE9AB116E}.Release|Any CPU.Build.0 = Release|Any CPU
		{A4FCDF12-2CD4-4D75-B0AD-AE5DBB9A568C}.Debug|Any CPU.ActiveCfg = Debug|Any CPU
		{A4FCDF12-2CD4-4D75-B0AD-AE5DBB9A568C}.Debug|Any CPU.Build.0 = Debug|Any CPU
		{A4FCDF12-2CD4-4D75-B0AD-AE5DBB9A568C}.Release|Any CPU.ActiveCfg = Release|Any CPU
		{A4FCDF12-2CD4-4D75-B0AD-AE5DBB9A568C}.Release|Any CPU.Build.0 = Release|Any CPU
		{77F14725-3A49-4DC0-9D38-8EF03C505614}.Debug|Any CPU.ActiveCfg = Debug|Any CPU
		{77F14725-3A49-4DC0-9D38-8EF03C505614}.Debug|Any CPU.Build.0 = Debug|Any CPU
		{77F14725-3A49-4DC0-9D38-8EF03C505614}.Release|Any CPU.ActiveCfg = Release|Any CPU
		{77F14725-3A49-4DC0-9D38-8EF03C505614}.Release|Any CPU.Build.0 = Release|Any CPU
	EndGlobalSection
	GlobalSection(SolutionProperties) = preSolution
		HideSolutionNode = FALSE
	EndGlobalSection
	GlobalSection(NestedProjects) = preSolution
		{6FB141A0-4065-49FD-B062-CE468B47E8B9} = {6F754D2D-6210-4999-A951-7CD37C574998}
		{6F0E4E06-02AA-4E21-8BDB-480AE9AB116E} = {77520CA7-4178-4ADB-9AB3-D5ED75607654}
		{A4FCDF12-2CD4-4D75-B0AD-AE5DBB9A568C} = {163B6A4B-DD9E-414F-A855-D3CF617ED583}
		{EE7D309F-267E-42CA-A648-E28167EB76C7} = {7E9612F7-ABF2-4D88-9559-4EF4C0A78F34}
		{F05C05B8-2EBB-41DF-8B0F-5A6009D96959} = {7E9612F7-ABF2-4D88-9559-4EF4C0A78F34}
		{77F14725-3A49-4DC0-9D38-8EF03C505614} = {EE7D309F-267E-42CA-A648-E28167EB76C7}
	EndGlobalSection
	GlobalSection(ExtensibilityGlobals) = postSolution
		SolutionGuid = {5B56A514-638F-4856-8464-65819449F65A}
	EndGlobalSection
EndGlobal
